github.com/apparentlymart/go-cidr v0.0.0-20170616213631-2bd8b58cf427 h1:2P/DTyNDU+7qJOB6E5KeIpdc3qcT9IYjyA8hZ9HGz50=
github.com/apparentlymart/go-cidr v0.0.0-20170616213631-2bd8b58cf427/go.mod h1:EBcsNrHc3zQeuaeCeCtQruQm+n9/YjEn/vI25Lg7Gwc=
github.com/aws/aws-sdk-go v1.34.0 h1:brux2dRrlwCF5JhTL7MUT3WUwo9zfDHZZp3+g3Mvlmo=
github.com/aws/aws-sdk-go v1.34.0/go.mod h1:5zCpMtNQVjRREroY7sYe8lOMRSxkhG6MZveU8YkpAk0=
github.com/bgentry/go-netrc v0.0.0-20140422174119-9fd32a8b3d3d h1:xDfNPAt8lFiC1UJrqV3uuy861HCTo708pDMbjHHdCas=
github.com/bgentry/go-netrc v0.0.0-20140422174119-9fd32a8b3d3d/go.mod h1:6QX/PXZ00z/TKoufEY6K/a0k6AhaJrQKdFe6OfVXsa4=
github.com/blang/semver v0.0.0-20170202183821-4a1e882c79dc h1:J/iAaGTCZYfT/allw61NfW/CEoflFsNdhQJny4iLU+0=
github.com/blang/semver v0.0.0-20170202183821-4a1e882c79dc/go.mod h1:kRBLl5iJ+tD4TcOOxsy/0fnwebNt5EWlYSAyrTnjyyk=
github.com/davecgh/go-spew v1.1.0 h1:ZDRjVQ15GmhC3fiQ8ni8+OwkZQO4DARzQgrnXU1Liz8=
github.com/davecgh/go-spew v1.1.0/go.mod h1:J7Y8YcW2NihsgmVo/mv3lAwl/skON4iLHjSsI+c5H38=
github.com/go-sql-driver/mysql v1.5.0/go.mod h1:DCzpHaOWr8IXmIStZouvnhqoel9Qv2LBy8hT2VhHyBg=
github.com/hashicorp/errwrap v0.0.0-20141028054710-7554cd9344ce h1:prjrVgOk2Yg6w+PflHoszQNLTUh4kaByUcEWM/9uin4=
github.com/hashicorp/errwrap v0.0.0-20141028054710-7554cd9344ce/go.mod h1:YH+1FKiLXxHSkmPseP+kNlulaMuP3n2brvKWEqk/Jc4=
github.com/hashicorp/go-cleanhttp v0.0.0-20170211013415-3573b8b52aa7 h1:67fHcS+inUoiIqWCKIqeDuq2AlPHNHPiTqp97LdQ+bc=
github.com/hashicorp/go-cleanhttp v0.0.0-20170211013415-3573b8b52aa7/go.mod h1:JpRdi6/HCYpAwUzNwuwqhbovhLtngrth3wmdIIUrZ80=
github.com/hashicorp/go-getter v0.0.0-20170504171234-90b6568eac83 h1:3Kp9VpeMjZAgxK/kGw6uRkT5jl0rKTK9Qg97ZhrHwjk=
github.com/hashicorp/go-getter v0.0.0-20170504171234-90b6568eac83/go.mod h1:6rdJFnhkXnzGOJbvkrdv4t9nLwKcVA+tmbQeUlkIzrU=
github.com/hashicorp/go-multierror v0.0.0-20161216184304-ed905158d874 h1:cAv7ZbSmyb1wjn6T4TIiyFCkpcfgpbcNNC3bM2srLaI=
github.com/hashicorp/go-multierror v0.0.0-20161216184304-ed905158d874/go.mod h1:JMRHfdO9jKNzS/+BTlxCjKNQHg/jZAft8U7LloJvN7I=
github.com/hashicorp/go-plugin v0.0.0-20170516210716-b7d6477501c1 h1:s3Da5q2HHsgFFEJk3exWzcMi+a60Cj+FMnVQs+pKeeE=
github.com/hashicorp/go-plugin v0.0.0-20170516210716-b7d6477501c1/go.mod h1:JSqWYsict+jzcj0+xElxyrBQRPNoiWQuddnxArJ7XHQ=
github.com/hashicorp/go-uuid v0.0.0-20160717022140-64130c7a86d7 h1:w8czuEDeFZo7CdZ2APLO24tTbjzO4cNXTfCkBdtU+wg=
github.com/hashicorp/go-uuid v0.0.0-20160717022140-64130c7a86d7/go.mod h1:6SBZvOh/SIDV7/2o3Jml5SYk/TvGqwFJ/bN7x4byOro=
github.com/hashicorp/go-version v0.0.0-20170202080759-03c5bf6be031 h1:c3Xdf5fTpk+hqhxqCO+ymqjfUXV9+GZqNgTtlnVzDos=
github.com/hashicorp/go-version v0.0.0-20170202080759-03c5bf6be031/go.mod h1:fltr4n8CU8Ke44wwGCBoEymUuxUHl09ZGVZPK5anwXA=
github.com/hashicorp/hcl v0.0.0-20170509225359-392dba7d905e h1:KJWs1uTCkN3E/J5ofCH9Pf8KKsibTFc3fv0CA9+WsVo=
github.com/hashicorp/hcl v0.0.0-20170509225359-392dba7d905e/go.mod h1:oZtUIOe8dh44I2q6ScRibXws4Ajl+d+nod3AaR9vL5w=
github.com/hashicorp/hil v0.0.0-20170512213305-fac2259da677 h1:Yj0RcrbLT/5z2k1UdRW+2r0nDUgrKjUNLQiXzMU4a5k=
github.com/hashicorp/hil v0.0.0-20170512213305-fac2259da677/go.mod h1:KHvg/R2/dPtaePb16oW4qIyzkMxXOL38xjRN64adsts=
github.com/hashicorp/logutils v0.0.0-20150609070431-0dc08b1671f3 h1:oD64EFjELI9RY9yoWlfua58r+etdnoIC871z+rr6lkA=
github.com/hashicorp/logutils v0.0.0-20150609070431-0dc08b1671f3/go.mod h1:QIAnNjmIWmVIIkWDTG1z5v++HQmx9WQRO+LraFDTW64=
github.com/hashicorp/terraform v0.0.0-20170620210554-c10f5caf056f h1:v4lg07/1GgYriXVKcxnAEk/PLCx84Ca0PEzkFNLpDXw=
github.com/hashicorp/terraform v0.0.0-20170620210554-c10f5caf056f/go.mod h1:uN1KUiT7Wdg61fPwsGXQwK3c8PmpIVZrt5Vcb1VrSoM=
github.com/hashicorp/yamux v0.0.0-20160720233140-d1caa6c97c9f h1:K4RDeor/qhbs5ETM85SN8xekXkk+KkOBclNXXM8+UR0=
github.com/hashicorp/yamux v0.0.0-20160720233140-d1caa6c97c9f/go.mod h1:+NfK9FKeTrX5uv1uIXGdwYDTeHna2qgaIlx54MXqjAM=
github.com/jmespath/go-jmespath v0.3.0 h1:OS12ieG61fsCg5+qLJ+SsW9NicxNkg3b25OyT2yCeUc=
github.com/jmespath/go-jmespath v0.3.0/go.mod h1:9QtRXoHjLGCJ5IBSaohpXITPlowMeeYCZ7fLUTSywik=
github.com/mitchellh/copystructure v0.0.0-20170525013902-d23ffcb85de3 h1:dECZqiJYhKdj9QlLpiQaRDXHDXRTdiyZI3owdDGhlYY=
github.com/mitchellh/copystructure v0.0.0-20170525013902-d23ffcb85de3/go.mod h1:eOsF2yLPlBBJPvD+nhl5QMTBSOBbOph6N7j/IDUw7PY=
github.com/mitchellh/go-homedir v0.0.0-20161203194507-b8bc1bf76747 h1:eQox4Rh4ewJF+mqYPxCkmBAirRnPaHEB26UkNuPyjlk=
github.com/mitchellh/go-homedir v0.0.0-20161203194507-b8bc1bf76747/go.mod h1:SfyaCUpYCn1Vlf4IUYiD9fPX4A5wJrkLzIz1N1q0pr0=
github.com/mitchellh/go-testing-interface v0.0.0-20170430140722-477c2d05a845 h1:PylPolHRM66kPXPWfSBPw+wsvj/46cN9eJESpM4R3yc=
github.com/mitchellh/go-testing-interface v0.0.0-20170430140722-477c2d05a845/go.mod h1:kRemZodwjscx+RGhAo8eIhFbs2+BFgRtFPeD/KE+zxI=
github.com/mitchellh/hashstructure v0.0.0-20170609045927-2bca23e0e452 h1:hOY53G+kBFhbYFpRVxHl5eS7laP6B1+Cq+Z9Dry1iMU=
github.com/mitchellh/hashstructure v0.0.0-20170609045927-2bca23e0e452/go.mod h1:QjSHrPWS+BGUVBYkbTZWEnOh3G1DutKwClXU/ABz6AQ=
github.com/mitchellh/mapstructure v0.0.0-20170523030023-d0303fe80992 h1:W7VHAEVflA5/eTyRvQ53Lz5j8bhRd1myHZlI/IZFvbU=
github.com/mitchellh/mapstructure v0.0.0-20170523030023-d0303fe80992/go.mod h1:FVVH3fgwuzCH5S8UJGiWEs2h04kUh9fWfEaFds41c1Y=
github.com/mitchellh/reflectwalk v0.0.0-20170508173806-8d802ff4ae93 h1:1100/b1WEWkub7eZ9uDlBMb/k5hrDR6iHDGOQqfrVXE=
github.com/mitchellh/reflectwalk v0.0.0-20170508173806-8d802ff4ae93/go.mod h1:mSTlrgnPZtwu0c4WaC2kGObEpuNDbx0jmZXqmk4esnw=
github.com/oogway/goptrail v0.0.0-20171209085443-a1597dd3a24c h1:VsTqri3MxUD3ACc0hpy6r9TnxMNapWnaO57jMjti3Wc=
github.com/oogway/goptrail v0.0.0-20171209085443-a1597dd3a24c/go.mod h1:9x+7m498gAp79Oh3rVp8G64ef6WFRc/147AcjfvKjoM=
github.com/pkg/errors v0.9.1 h1:FEBLx1zS214owpjy7qsBeixbURkuhQAwrK5UwLGTwt4=
github.com/pkg/errors v0.9.1/go.mod h1:bwawxfHBFNV+L2hUp1rHADufV3IMtnDRdf1r5NINEl0=
github.com/pmezard/go-difflib v1.0.0 h1:4DBwDE0NGyQoBHbLQYPwSUPoCMWR5BEzIk/f1lZbAQM=
github.com/pmezard/go-difflib v1.0.0/go.mod h1:iKH77koFhYxTK1pcRnkKkqfTogsbg7gZNVY4sRDYZ/4=
github.com/satori/go.uuid v0.0.0-20170321230731-5bf94b69c6b6 h1:7PFDlUz5/yGp8w21PuZGgEfN7ZF7OXvgAIDjwih82Gs=
github.com/satori/go.uuid v0.0.0-20170321230731-5bf94b69c6b6/go.mod h1:dA0hQrYB0VpLJoorglMZABFdXlWrHn1NEOzdhQKdks0=
github.com/sethgrid/pester v0.0.0-20171127025028-760f8913c048 h1:6Men5bEVIDWxw4fhCV9+qTUAdgiXE3g46wZC6506nz8=
github.com/sethgrid/pester v0.0.0-20171127025028-760f8913c048/go.mod h1:Ad7IjTpvzZO8Fl0vh9AzQ+j/jYZfyp2diGwI8m5q+ns=
github.com/stretchr/objx v0.1.0/go.mod h1:HFkY916IF+rwdDfMAkV7OtwuqBVzrE8GR6GFx+wExME=
github.com/stretchr/testify v1.5.1 h1:nOGnQDM7FYENwehXlg/kFVnos3rEvtKTjRvOWSzb6H4=
github.com/stretchr/testify v1.5.1/go.mod h1:5W2xD1RspED5o8YsWQXVCued0rvSQ+mT+I5cxcmMvtA=
golang.org/x/crypto v0.0.0-20190308221718-c2843e01d9a2 h1:VklqNMn3ovrHsnt90PveolxSbWFaJdECFbxSq0Mqo2M=
golang.org/x/crypto v0.0.0-20190308221718-c2843e01d9a2/go.mod h1:djNgcEr1/C05ACkg1iLfiJU5Ep61QUkGW8qpdssI0+w=
golang.org/x/net v0.0.0-20200202094626-16171245cfb2 h1:CCH4IOTTfewWjGOlSp+zGcjutRKlBEZQ6wTn8ozI/nI=
golang.org/x/net v0.0.0-20200202094626-16171245cfb2/go.mod h1:z5CRVTTTmAJ677TzLLGU+0bjPO0LkuOLi4/5GtJWs/s=
golang.org/x/sys v0.0.0-20190215142949-d0b11bdaac8a h1:1BGLXjeY4akVXGgbC9HugT3Jv3hCI0z56oJR5vAMgBU=
golang.org/x/sys v0.0.0-20190215142949-d0b11bdaac8a/go.mod h1:STP8DvDyc/dI5b8T5hshtkjS+E42TnysNCUPdjciGhY=
golang.org/x/text v0.3.0 h1:g61tztE5qeGQ89tm6NTjjM9VPIm088od1l6aSorWRWg=
golang.org/x/text v0.3.0/go.mod h1:NqM8EUOU14njkJ3fqMW+pc6Ldnwhi/IjpwHt7yyuwOQ=
gopkg.in/check.v1 v0.0.0-20161208181325-20d25e280405 h1:yhCVgyC4o1eVCa2tZl7eS0r+SDo693bJlVdllGtEeKM=
gopkg.in/check.v1 v0.0.0-20161208181325-20d25e280405/go.mod h1:Co6ibVJAznAaIkqp8huTwlJQCZ016jof/cbN4VW5Yz0=
gopkg.in/yaml.v2 v2.2.2 h1:ZCJp+EgiOT7lHqUV2J862kp8Qj64Jo6az82+3Td9dZw=
gopkg.in/yaml.v2 v2.2.2/go.mod h1:hI93XBmqTisBFMUTm0b8Fm+jr3Dg1NNxqwp+5A1VGuI=
